
Microsoft Visual Studio Solution File, Format Version 12.00
Project("{FAE04EC0-301F-11D3-BF4B-00C04F79EFBC}") = "CompetitiveCompany", "CompetitiveCompany.csproj", "{C7D7D9AA-D880-4B33-8F43-E3593E2B49CB}"
EndProject
Global
	GlobalSection(SolutionConfigurationPlatforms) = preSolution
		Debug|Any CPU = Debug|Any CPU
		Release|Any CPU = Release|Any CPU
	EndGlobalSection
	GlobalSection(ProjectConfigurationPlatforms) = postSolution
		{C7D7D9AA-D880-4B33-8F43-E3593E2B49CB}.Debug|Any CPU.ActiveCfg = Debug|Any CPU
		{C7D7D9AA-D880-4B33-8F43-E3593E2B49CB}.Debug|Any CPU.Build.0 = Debug|Any CPU
		{C7D7D9AA-D880-4B33-8F43-E3593E2B49CB}.Release|Any CPU.ActiveCfg = Release|Any CPU
		{C7D7D9AA-D880-4B33-8F43-E3593E2B49CB}.Release|Any CPU.Build.0 = Release|Any CPU
	EndGlobalSection
EndGlobal
